
Microsoft Visual Studio Solution File, Format Version 12.00
# Visual Studio Version 17
VisualStudioVersion = 17.1.32319.34
MinimumVisualStudioVersion = 10.0.40219.1
Project("{F184B08F-C81C-45F6-A57F-5ABD9991F28F}") = "LabTask2_F1029", "LabTask2_F1029\LabTask2_F1029.vbproj", "{F77EC610-8585-4056-94D3-ACB02A53D3DB}"
EndProject
Global
	GlobalSection(SolutionConfigurationPlatforms) = preSolution
		Debug|Any CPU = Debug|Any CPU
		Release|Any CPU = Release|Any CPU
	EndGlobalSection
	GlobalSection(ProjectConfigurationPlatforms) = postSolution
		{F77EC610-8585-4056-94D3-ACB02A53D3DB}.Debug|Any CPU.ActiveCfg = Debug|Any CPU
		{F77EC610-8585-4056-94D3-ACB02A53D3DB}.Debug|Any CPU.Build.0 = Debug|Any CPU
		{F77EC610-8585-4056-94D3-ACB02A53D3DB}.Release|Any CPU.ActiveCfg = Release|Any CPU
		{F77EC610-8585-4056-94D3-ACB02A53D3DB}.Release|Any CPU.Build.0 = Release|Any CPU
	EndGlobalSection
	GlobalSection(SolutionProperties) = preSolution
		HideSolutionNode = FALSE
	EndGlobalSection
	GlobalSection(ExtensibilityGlobals) = postSolution
		SolutionGuid = {511778F6-4AE0-46EB-B5F2-28A97195A33B}
	EndGlobalSection
EndGlobal
